
Microsoft Visual Studio Solution File, Format Version 12.00
# Visual Studio Version 16
VisualStudioVersion = 16.0.30011.22
MinimumVisualStudioVersion = 10.0.40219.1
Project("{FAE04EC0-301F-11D3-BF4B-00C04F79EFBC}") = "Amho", "Amho\Amho.csproj", "{D6CCBC74-5309-4059-8A35-52F4EAFC5BFE}"
EndProject
Project("{FAE04EC0-301F-11D3-BF4B-00C04F79EFBC}") = "DataLayer", "DataLayer\DataLayer.csproj", "{CECFE3D4-75C5-4447-996E-166BB759AAA6}"
EndProject
Global
	GlobalSection(SolutionConfigurationPlatforms) = preSolution
		Debug|Any CPU = Debug|Any CPU
		Release|Any CPU = Release|Any CPU
	EndGlobalSection
	GlobalSection(ProjectConfigurationPlatforms) = postSolution
		{D6CCBC74-5309-4059-8A35-52F4EAFC5BFE}.Debug|Any CPU.ActiveCfg = Debug|Any CPU
		{D6CCBC74-5309-4059-8A35-52F4EAFC5BFE}.Debug|Any CPU.Build.0 = Debug|Any CPU
		{D6CCBC74-5309-4059-8A35-52F4EAFC5BFE}.Release|Any CPU.ActiveCfg = Release|Any CPU
		{D6CCBC74-5309-4059-8A35-52F4EAFC5BFE}.Release|Any CPU.Build.0 = Release|Any CPU
		{CECFE3D4-75C5-4447-996E-166BB759AAA6}.Debug|Any CPU.ActiveCfg = Debug|Any CPU
		{CECFE3D4-75C5-4447-996E-166BB759AAA6}.Debug|Any CPU.Build.0 = Debug|Any CPU
		{CECFE3D4-75C5-4447-996E-166BB759AAA6}.Release|Any CPU.ActiveCfg = Release|Any CPU
		{CECFE3D4-75C5-4447-996E-166BB759AAA6}.Release|Any CPU.Build.0 = Release|Any CPU
	EndGlobalSection
	GlobalSection(SolutionProperties) = preSolution
		HideSolutionNode = FALSE
	EndGlobalSection
	GlobalSection(ExtensibilityGlobals) = postSolution
		SolutionGuid = {BEF11C29-A80B-484E-9C4B-EFD71AA61111}
	EndGlobalSection
EndGlobal
